
Microsoft Visual Studio Solution File, Format Version 12.00
# Visual Studio Version 17
VisualStudioVersion = 17.11.35312.102
MinimumVisualStudioVersion = 10.0.40219.1
Project("{FAE04EC0-301F-11D3-BF4B-00C04F79EFBC}") = "PMACS_V2", "PMACS_V2\PMACS_V2.csproj", "{DA2C686B-57CA-4416-83EC-C832D9B9826F}"
EndProject
Project("{FAE04EC0-301F-11D3-BF4B-00C04F79EFBC}") = "Parts_locator", "Parts_locator\Parts_locator.csproj", "{DD1D25EF-4381-469F-AEEA-401D069642DD}"
EndProject
Project("{FAE04EC0-301F-11D3-BF4B-00C04F79EFBC}") = "ProductConfirm", "ProductConfirm\ProductConfirm.csproj", "{FF844F15-62D5-49BB-8EE3-9A3B05CFE24B}"
EndProject
Project("{FAE04EC0-301F-11D3-BF4B-00C04F79EFBC}") = "Attendance_Monitoring", "Attendance_Monitoring\Attendance_Monitoring.csproj", "{D1BF48EB-26F1-417E-A0A0-3962679BD710}"
EndProject
Project("{FAE04EC0-301F-11D3-BF4B-00C04F79EFBC}") = "PracticeC#", "PracticeC-\PracticeC#.csproj", "{F1B6C750-2C62-494F-B1E0-FEC380983508}"
EndProject
Project("{FAE04EC0-301F-11D3-BF4B-00C04F79EFBC}") = "ZebraPrinterLabel", "ZebraPrinterLabel\ZebraPrinterLabel.csproj", "{A4FE5F8B-E062-477A-A90E-4D04C7BBDBDE}"
EndProject
Project("{FAE04EC0-301F-11D3-BF4B-00C04F79EFBC}") = "EmailSender", "EmailSender\EmailSender.csproj", "{7A9F93A9-321F-44FA-A734-515A68E0C1E0}"
EndProject
Project("{FAE04EC0-301F-11D3-BF4B-00C04F79EFBC}") = "MSDMonitoring", "MSDMonitoring\MSDMonitoring.csproj", "{11634EDE-BA7B-4FCD-9C55-1B8060264A82}"
EndProject
Project("{FAE04EC0-301F-11D3-BF4B-00C04F79EFBC}") = "NCR_system", "NCR_system\NCR_system.csproj", "{9CB1E7C5-2D41-4C39-B524-0A60131E40B0}"
EndProject
Project("{FAE04EC0-301F-11D3-BF4B-00C04F79EFBC}") = "ProgramPartListWeb", "ProgramPartListWeb\ProgramPartListWeb.csproj", "{83F78258-1DAB-4EC8-901F-3417C42AD76D}"
EndProject
Project("{FAE04EC0-301F-11D3-BF4B-00C04F79EFBC}") = "FootWristStrapsAnalysis", "FootWristStrapsAnalysis\FootWristStrapsAnalysis.csproj", "{E9D54D45-5603-41C6-B064-99BE5439E143}"
EndProject
Project("{FAE04EC0-301F-11D3-BF4B-00C04F79EFBC}") = "POS_System", "POS_System\POS_System.csproj", "{D6822815-A3C3-48F2-96E4-AD856F8EAA2E}"
EndProject
Project("{54435603-DBB4-11D2-8724-00A0C9A8B90C}") = "SariSariStoreApp", "SariSariStoreApp\SariSariStoreApp.vdproj", "{7F946095-4A59-F1FA-932F-07404804EC0A}"
EndProject
Global
	GlobalSection(SolutionConfigurationPlatforms) = preSolution
		Debug|Any CPU = Debug|Any CPU
		Debug|ARM = Debug|ARM
		Debug|ARM64 = Debug|ARM64
		Debug|x86 = Debug|x86
		Release|Any CPU = Release|Any CPU
		Release|ARM = Release|ARM
		Release|ARM64 = Release|ARM64
		Release|x86 = Release|x86
	EndGlobalSection
	GlobalSection(ProjectConfigurationPlatforms) = postSolution
		{DA2C686B-57CA-4416-83EC-C832D9B9826F}.Debug|Any CPU.ActiveCfg = Debug|Any CPU
		{DA2C686B-57CA-4416-83EC-C832D9B9826F}.Debug|Any CPU.Build.0 = Debug|Any CPU
		{DA2C686B-57CA-4416-83EC-C832D9B9826F}.Debug|ARM.ActiveCfg = Debug|Any CPU
		{DA2C686B-57CA-4416-83EC-C832D9B9826F}.Debug|ARM.Build.0 = Debug|Any CPU
		{DA2C686B-57CA-4416-83EC-C832D9B9826F}.Debug|ARM64.ActiveCfg = Debug|Any CPU
		{DA2C686B-57CA-4416-83EC-C832D9B9826F}.Debug|ARM64.Build.0 = Debug|Any CPU
		{DA2C686B-57CA-4416-83EC-C832D9B9826F}.Debug|x86.ActiveCfg = Debug|Any CPU
		{DA2C686B-57CA-4416-83EC-C832D9B9826F}.Debug|x86.Build.0 = Debug|Any CPU
		{DA2C686B-57CA-4416-83EC-C832D9B9826F}.Release|Any CPU.ActiveCfg = Release|Any CPU
		{DA2C686B-57CA-4416-83EC-C832D9B9826F}.Release|Any CPU.Build.0 = Release|Any CPU
		{DA2C686B-57CA-4416-83EC-C832D9B9826F}.Release|ARM.ActiveCfg = Release|Any CPU
		{DA2C686B-57CA-4416-83EC-C832D9B9826F}.Release|ARM.Build.0 = Release|Any CPU
		{DA2C686B-57CA-4416-83EC-C832D9B9826F}.Release|ARM64.ActiveCfg = Release|Any CPU
		{DA2C686B-57CA-4416-83EC-C832D9B9826F}.Release|ARM64.Build.0 = Release|Any CPU
		{DA2C686B-57CA-4416-83EC-C832D9B9826F}.Release|x86.ActiveCfg = Release|Any CPU
		{DA2C686B-57CA-4416-83EC-C832D9B9826F}.Release|x86.Build.0 = Release|Any CPU
		{DD1D25EF-4381-469F-AEEA-401D069642DD}.Debug|Any CPU.ActiveCfg = Debug|Any CPU
		{DD1D25EF-4381-469F-AEEA-401D069642DD}.Debug|Any CPU.Build.0 = Debug|Any CPU
		{DD1D25EF-4381-469F-AEEA-401D069642DD}.Debug|ARM.ActiveCfg = Debug|Any CPU
		{DD1D25EF-4381-469F-AEEA-401D069642DD}.Debug|ARM.Build.0 = Debug|Any CPU
		{DD1D25EF-4381-469F-AEEA-401D069642DD}.Debug|ARM64.ActiveCfg = Debug|Any CPU
		{DD1D25EF-4381-469F-AEEA-401D069642DD}.Debug|ARM64.Build.0 = Debug|Any CPU
		{DD1D25EF-4381-469F-AEEA-401D069642DD}.Debug|x86.ActiveCfg = Debug|Any CPU
		{DD1D25EF-4381-469F-AEEA-401D069642DD}.Debug|x86.Build.0 = Debug|Any CPU
		{DD1D25EF-4381-469F-AEEA-401D069642DD}.Release|Any CPU.ActiveCfg = Release|Any CPU
		{DD1D25EF-4381-469F-AEEA-401D069642DD}.Release|Any CPU.Build.0 = Release|Any CPU
		{DD1D25EF-4381-469F-AEEA-401D069642DD}.Release|ARM.ActiveCfg = Release|Any CPU
		{DD1D25EF-4381-469F-AEEA-401D069642DD}.Release|ARM.Build.0 = Release|Any CPU
		{DD1D25EF-4381-469F-AEEA-401D069642DD}.Release|ARM64.ActiveCfg = Release|Any CPU
		{DD1D25EF-4381-469F-AEEA-401D069642DD}.Release|ARM64.Build.0 = Release|Any CPU
		{DD1D25EF-4381-469F-AEEA-401D069642DD}.Release|x86.ActiveCfg = Release|Any CPU
		{DD1D25EF-4381-469F-AEEA-401D069642DD}.Release|x86.Build.0 = Release|Any CPU
		{FF844F15-62D5-49BB-8EE3-9A3B05CFE24B}.Debug|Any CPU.ActiveCfg = Debug|Any CPU
		{FF844F15-62D5-49BB-8EE3-9A3B05CFE24B}.Debug|Any CPU.Build.0 = Debug|Any CPU
		{FF844F15-62D5-49BB-8EE3-9A3B05CFE24B}.Debug|ARM.ActiveCfg = Debug|Any CPU
		{FF844F15-62D5-49BB-8EE3-9A3B05CFE24B}.Debug|ARM.Build.0 = Debug|Any CPU
		{FF844F15-62D5-49BB-8EE3-9A3B05CFE24B}.Debug|ARM64.ActiveCfg = Debug|Any CPU
		{FF844F15-62D5-49BB-8EE3-9A3B05CFE24B}.Debug|ARM64.Build.0 = Debug|Any CPU
		{FF844F15-62D5-49BB-8EE3-9A3B05CFE24B}.Debug|x86.ActiveCfg = Debug|Any CPU
		{FF844F15-62D5-49BB-8EE3-9A3B05CFE24B}.Debug|x86.Build.0 = Debug|Any CPU
		{FF844F15-62D5-49BB-8EE3-9A3B05CFE24B}.Release|Any CPU.ActiveCfg = Release|Any CPU
		{FF844F15-62D5-49BB-8EE3-9A3B05CFE24B}.Release|Any CPU.Build.0 = Release|Any CPU
		{FF844F15-62D5-49BB-8EE3-9A3B05CFE24B}.Release|ARM.ActiveCfg = Release|Any CPU
		{FF844F15-62D5-49BB-8EE3-9A3B05CFE24B}.Release|ARM.Build.0 = Release|Any CPU
		{FF844F15-62D5-49BB-8EE3-9A3B05CFE24B}.Release|ARM64.ActiveCfg = Release|Any CPU
		{FF844F15-62D5-49BB-8EE3-9A3B05CFE24B}.Release|ARM64.Build.0 = Release|Any CPU
		{FF844F15-62D5-49BB-8EE3-9A3B05CFE24B}.Release|x86.ActiveCfg = Release|Any CPU
		{FF844F15-62D5-49BB-8EE3-9A3B05CFE24B}.Release|x86.Build.0 = Release|Any CPU
		{D1BF48EB-26F1-417E-A0A0-3962679BD710}.Debug|Any CPU.ActiveCfg = Debug|Any CPU
		{D1BF48EB-26F1-417E-A0A0-3962679BD710}.Debug|Any CPU.Build.0 = Debug|Any CPU
		{D1BF48EB-26F1-417E-A0A0-3962679BD710}.Debug|ARM.ActiveCfg = Debug|Any CPU
		{D1BF48EB-26F1-417E-A0A0-3962679BD710}.Debug|ARM.Build.0 = Debug|Any CPU
		{D1BF48EB-26F1-417E-A0A0-3962679BD710}.Debug|ARM64.ActiveCfg = Debug|Any CPU
		{D1BF48EB-26F1-417E-A0A0-3962679BD710}.Debug|ARM64.Build.0 = Debug|Any CPU
		{D1BF48EB-26F1-417E-A0A0-3962679BD710}.Debug|x86.ActiveCfg = Debug|Any CPU
		{D1BF48EB-26F1-417E-A0A0-3962679BD710}.Debug|x86.Build.0 = Debug|Any CPU
		{D1BF48EB-26F1-417E-A0A0-3962679BD710}.Release|Any CPU.ActiveCfg = Release|Any CPU
		{D1BF48EB-26F1-417E-A0A0-3962679BD710}.Release|Any CPU.Build.0 = Release|Any CPU
		{D1BF48EB-26F1-417E-A0A0-3962679BD710}.Release|ARM.ActiveCfg = Release|Any CPU
		{D1BF48EB-26F1-417E-A0A0-3962679BD710}.Release|ARM.Build.0 = Release|Any CPU
		{D1BF48EB-26F1-417E-A0A0-3962679BD710}.Release|ARM64.ActiveCfg = Release|Any CPU
		{D1BF48EB-26F1-417E-A0A0-3962679BD710}.Release|ARM64.Build.0 = Release|Any CPU
		{D1BF48EB-26F1-417E-A0A0-3962679BD710}.Release|x86.ActiveCfg = Release|Any CPU
		{D1BF48EB-26F1-417E-A0A0-3962679BD710}.Release|x86.Build.0 = Release|Any CPU
		{F1B6C750-2C62-494F-B1E0-FEC380983508}.Debug|Any CPU.ActiveCfg = Debug|Any CPU
		{F1B6C750-2C62-494F-B1E0-FEC380983508}.Debug|Any CPU.Build.0 = Debug|Any CPU
		{F1B6C750-2C62-494F-B1E0-FEC380983508}.Debug|ARM.ActiveCfg = Debug|Any CPU
		{F1B6C750-2C62-494F-B1E0-FEC380983508}.Debug|ARM.Build.0 = Debug|Any CPU
		{F1B6C750-2C62-494F-B1E0-FEC380983508}.Debug|ARM64.ActiveCfg = Debug|Any CPU
		{F1B6C750-2C62-494F-B1E0-FEC380983508}.Debug|ARM64.Build.0 = Debug|Any CPU
		{F1B6C750-2C62-494F-B1E0-FEC380983508}.Debug|x86.ActiveCfg = Debug|Any CPU
		{F1B6C750-2C62-494F-B1E0-FEC380983508}.Debug|x86.Build.0 = Debug|Any CPU
		{F1B6C750-2C62-494F-B1E0-FEC380983508}.Release|Any CPU.ActiveCfg = Release|Any CPU
		{F1B6C750-2C62-494F-B1E0-FEC380983508}.Release|Any CPU.Build.0 = Release|Any CPU
		{F1B6C750-2C62-494F-B1E0-FEC380983508}.Release|ARM.ActiveCfg = Release|Any CPU
		{F1B6C750-2C62-494F-B1E0-FEC380983508}.Release|ARM.Build.0 = Release|Any CPU
		{F1B6C750-2C62-494F-B1E0-FEC380983508}.Release|ARM64.ActiveCfg = Release|Any CPU
		{F1B6C750-2C62-494F-B1E0-FEC380983508}.Release|ARM64.Build.0 = Release|Any CPU
		{F1B6C750-2C62-494F-B1E0-FEC380983508}.Release|x86.ActiveCfg = Release|Any CPU
		{F1B6C750-2C62-494F-B1E0-FEC380983508}.Release|x86.Build.0 = Release|Any CPU
		{A4FE5F8B-E062-477A-A90E-4D04C7BBDBDE}.Debug|Any CPU.ActiveCfg = Debug|Any CPU
		{A4FE5F8B-E062-477A-A90E-4D04C7BBDBDE}.Debug|Any CPU.Build.0 = Debug|Any CPU
		{A4FE5F8B-E062-477A-A90E-4D04C7BBDBDE}.Debug|ARM.ActiveCfg = Debug|Any CPU
		{A4FE5F8B-E062-477A-A90E-4D04C7BBDBDE}.Debug|ARM.Build.0 = Debug|Any CPU
		{A4FE5F8B-E062-477A-A90E-4D04C7BBDBDE}.Debug|ARM64.ActiveCfg = Debug|Any CPU
		{A4FE5F8B-E062-477A-A90E-4D04C7BBDBDE}.Debug|ARM64.Build.0 = Debug|Any CPU
		{A4FE5F8B-E062-477A-A90E-4D04C7BBDBDE}.Debug|x86.ActiveCfg = Debug|Any CPU
		{A4FE5F8B-E062-477A-A90E-4D04C7BBDBDE}.Debug|x86.Build.0 = Debug|Any CPU
		{A4FE5F8B-E062-477A-A90E-4D04C7BBDBDE}.Release|Any CPU.ActiveCfg = Release|Any CPU
		{A4FE5F8B-E062-477A-A90E-4D04C7BBDBDE}.Release|Any CPU.Build.0 = Release|Any CPU
		{A4FE5F8B-E062-477A-A90E-4D04C7BBDBDE}.Release|ARM.ActiveCfg = Release|Any CPU
		{A4FE5F8B-E062-477A-A90E-4D04C7BBDBDE}.Release|ARM.Build.0 = Release|Any CPU
		{A4FE5F8B-E062-477A-A90E-4D04C7BBDBDE}.Release|ARM64.ActiveCfg = Release|Any CPU
		{A4FE5F8B-E062-477A-A90E-4D04C7BBDBDE}.Release|ARM64.Build.0 = Release|Any CPU
		{A4FE5F8B-E062-477A-A90E-4D04C7BBDBDE}.Release|x86.ActiveCfg = Release|Any CPU
		{A4FE5F8B-E062-477A-A90E-4D04C7BBDBDE}.Release|x86.Build.0 = Release|Any CPU
		{7A9F93A9-321F-44FA-A734-515A68E0C1E0}.Debug|Any CPU.ActiveCfg = Debug|Any CPU
		{7A9F93A9-321F-44FA-A734-515A68E0C1E0}.Debug|Any CPU.Build.0 = Debug|Any CPU
		{7A9F93A9-321F-44FA-A734-515A68E0C1E0}.Debug|ARM.ActiveCfg = Debug|Any CPU
		{7A9F93A9-321F-44FA-A734-515A68E0C1E0}.Debug|ARM.Build.0 = Debug|Any CPU
		{7A9F93A9-321F-44FA-A734-515A68E0C1E0}.Debug|ARM64.ActiveCfg = Debug|Any CPU
		{7A9F93A9-321F-44FA-A734-515A68E0C1E0}.Debug|ARM64.Build.0 = Debug|Any CPU
		{7A9F93A9-321F-44FA-A734-515A68E0C1E0}.Debug|x86.ActiveCfg = Debug|Any CPU
		{7A9F93A9-321F-44FA-A734-515A68E0C1E0}.Debug|x86.Build.0 = Debug|Any CPU
		{7A9F93A9-321F-44FA-A734-515A68E0C1E0}.Release|Any CPU.ActiveCfg = Release|Any CPU
		{7A9F93A9-321F-44FA-A734-515A68E0C1E0}.Release|Any CPU.Build.0 = Release|Any CPU
		{7A9F93A9-321F-44FA-A734-515A68E0C1E0}.Release|ARM.ActiveCfg = Release|Any CPU
		{7A9F93A9-321F-44FA-A734-515A68E0C1E0}.Release|ARM.Build.0 = Release|Any CPU
		{7A9F93A9-321F-44FA-A734-515A68E0C1E0}.Release|ARM64.ActiveCfg = Release|Any CPU
		{7A9F93A9-321F-44FA-A734-515A68E0C1E0}.Release|ARM64.Build.0 = Release|Any CPU
		{7A9F93A9-321F-44FA-A734-515A68E0C1E0}.Release|x86.ActiveCfg = Release|Any CPU
		{7A9F93A9-321F-44FA-A734-515A68E0C1E0}.Release|x86.Build.0 = Release|Any CPU
		{11634EDE-BA7B-4FCD-9C55-1B8060264A82}.Debug|Any CPU.ActiveCfg = Debug|Any CPU
		{11634EDE-BA7B-4FCD-9C55-1B8060264A82}.Debug|Any CPU.Build.0 = Debug|Any CPU
		{11634EDE-BA7B-4FCD-9C55-1B8060264A82}.Debug|ARM.ActiveCfg = Debug|Any CPU
		{11634EDE-BA7B-4FCD-9C55-1B8060264A82}.Debug|ARM.Build.0 = Debug|Any CPU
		{11634EDE-BA7B-4FCD-9C55-1B8060264A82}.Debug|ARM64.ActiveCfg = Debug|Any CPU
		{11634EDE-BA7B-4FCD-9C55-1B8060264A82}.Debug|ARM64.Build.0 = Debug|Any CPU
		{11634EDE-BA7B-4FCD-9C55-1B8060264A82}.Debug|x86.ActiveCfg = Debug|Any CPU
		{11634EDE-BA7B-4FCD-9C55-1B8060264A82}.Debug|x86.Build.0 = Debug|Any CPU
		{11634EDE-BA7B-4FCD-9C55-1B8060264A82}.Release|Any CPU.ActiveCfg = Release|Any CPU
		{11634EDE-BA7B-4FCD-9C55-1B8060264A82}.Release|Any CPU.Build.0 = Release|Any CPU
		{11634EDE-BA7B-4FCD-9C55-1B8060264A82}.Release|ARM.ActiveCfg = Release|Any CPU
		{11634EDE-BA7B-4FCD-9C55-1B8060264A82}.Release|ARM.Build.0 = Release|Any CPU
		{11634EDE-BA7B-4FCD-9C55-1B8060264A82}.Release|ARM64.ActiveCfg = Release|Any CPU
		{11634EDE-BA7B-4FCD-9C55-1B8060264A82}.Release|ARM64.Build.0 = Release|Any CPU
		{11634EDE-BA7B-4FCD-9C55-1B8060264A82}.Release|x86.ActiveCfg = Release|Any CPU
		{11634EDE-BA7B-4FCD-9C55-1B8060264A82}.Release|x86.Build.0 = Release|Any CPU
		{9CB1E7C5-2D41-4C39-B524-0A60131E40B0}.Debug|Any CPU.ActiveCfg = Debug|Any CPU
		{9CB1E7C5-2D41-4C39-B524-0A60131E40B0}.Debug|Any CPU.Build.0 = Debug|Any CPU
		{9CB1E7C5-2D41-4C39-B524-0A60131E40B0}.Debug|ARM.ActiveCfg = Debug|Any CPU
		{9CB1E7C5-2D41-4C39-B524-0A60131E40B0}.Debug|ARM.Build.0 = Debug|Any CPU
		{9CB1E7C5-2D41-4C39-B524-0A60131E40B0}.Debug|ARM64.ActiveCfg = Debug|Any CPU
		{9CB1E7C5-2D41-4C39-B524-0A60131E40B0}.Debug|ARM64.Build.0 = Debug|Any CPU
		{9CB1E7C5-2D41-4C39-B524-0A60131E40B0}.Debug|x86.ActiveCfg = Debug|Any CPU
		{9CB1E7C5-2D41-4C39-B524-0A60131E40B0}.Debug|x86.Build.0 = Debug|Any CPU
		{9CB1E7C5-2D41-4C39-B524-0A60131E40B0}.Release|Any CPU.ActiveCfg = Release|Any CPU
		{9CB1E7C5-2D41-4C39-B524-0A60131E40B0}.Release|Any CPU.Build.0 = Release|Any CPU
		{9CB1E7C5-2D41-4C39-B524-0A60131E40B0}.Release|ARM.ActiveCfg = Release|Any CPU
		{9CB1E7C5-2D41-4C39-B524-0A60131E40B0}.Release|ARM.Build.0 = Release|Any CPU
		{9CB1E7C5-2D41-4C39-B524-0A60131E40B0}.Release|ARM64.ActiveCfg = Release|Any CPU
		{9CB1E7C5-2D41-4C39-B524-0A60131E40B0}.Release|ARM64.Build.0 = Release|Any CPU
		{9CB1E7C5-2D41-4C39-B524-0A60131E40B0}.Release|x86.ActiveCfg = Release|Any CPU
		{9CB1E7C5-2D41-4C39-B524-0A60131E40B0}.Release|x86.Build.0 = Release|Any CPU
		{83F78258-1DAB-4EC8-901F-3417C42AD76D}.Debug|Any CPU.ActiveCfg = Debug|Any CPU
		{83F78258-1DAB-4EC8-901F-3417C42AD76D}.Debug|Any CPU.Build.0 = Debug|Any CPU
		{83F78258-1DAB-4EC8-901F-3417C42AD76D}.Debug|ARM.ActiveCfg = Debug|Any CPU
		{83F78258-1DAB-4EC8-901F-3417C42AD76D}.Debug|ARM.Build.0 = Debug|Any CPU
		{83F78258-1DAB-4EC8-901F-3417C42AD76D}.Debug|ARM64.ActiveCfg = Debug|Any CPU
		{83F78258-1DAB-4EC8-901F-3417C42AD76D}.Debug|ARM64.Build.0 = Debug|Any CPU
		{83F78258-1DAB-4EC8-901F-3417C42AD76D}.Debug|x86.ActiveCfg = Debug|Any CPU
		{83F78258-1DAB-4EC8-901F-3417C42AD76D}.Debug|x86.Build.0 = Debug|Any CPU
		{83F78258-1DAB-4EC8-901F-3417C42AD76D}.Release|Any CPU.ActiveCfg = Release|Any CPU
		{83F78258-1DAB-4EC8-901F-3417C42AD76D}.Release|Any CPU.Build.0 = Release|Any CPU
		{83F78258-1DAB-4EC8-901F-3417C42AD76D}.Release|ARM.ActiveCfg = Release|Any CPU
		{83F78258-1DAB-4EC8-901F-3417C42AD76D}.Release|ARM.Build.0 = Release|Any CPU
		{83F78258-1DAB-4EC8-901F-3417C42AD76D}.Release|ARM64.ActiveCfg = Release|Any CPU
		{83F78258-1DAB-4EC8-901F-3417C42AD76D}.Release|ARM64.Build.0 = Release|Any CPU
		{83F78258-1DAB-4EC8-901F-3417C42AD76D}.Release|x86.ActiveCfg = Release|Any CPU
		{83F78258-1DAB-4EC8-901F-3417C42AD76D}.Release|x86.Build.0 = Release|Any CPU
		{E9D54D45-5603-41C6-B064-99BE5439E143}.Debug|Any CPU.ActiveCfg = Debug|Any CPU
		{E9D54D45-5603-41C6-B064-99BE5439E143}.Debug|Any CPU.Build.0 = Debug|Any CPU
		{E9D54D45-5603-41C6-B064-99BE5439E143}.Debug|ARM.ActiveCfg = Debug|Any CPU
		{E9D54D45-5603-41C6-B064-99BE5439E143}.Debug|ARM.Build.0 = Debug|Any CPU
		{E9D54D45-5603-41C6-B064-99BE5439E143}.Debug|ARM64.ActiveCfg = Debug|Any CPU
		{E9D54D45-5603-41C6-B064-99BE5439E143}.Debug|ARM64.Build.0 = Debug|Any CPU
		{E9D54D45-5603-41C6-B064-99BE5439E143}.Debug|x86.ActiveCfg = Debug|Any CPU
		{E9D54D45-5603-41C6-B064-99BE5439E143}.Debug|x86.Build.0 = Debug|Any CPU
		{E9D54D45-5603-41C6-B064-99BE5439E143}.Release|Any CPU.ActiveCfg = Release|Any CPU
		{E9D54D45-5603-41C6-B064-99BE5439E143}.Release|Any CPU.Build.0 = Release|Any CPU
		{E9D54D45-5603-41C6-B064-99BE5439E143}.Release|ARM.ActiveCfg = Release|Any CPU
		{E9D54D45-5603-41C6-B064-99BE5439E143}.Release|ARM.Build.0 = Release|Any CPU
		{E9D54D45-5603-41C6-B064-99BE5439E143}.Release|ARM64.ActiveCfg = Release|Any CPU
		{E9D54D45-5603-41C6-B064-99BE5439E143}.Release|ARM64.Build.0 = Release|Any CPU
		{E9D54D45-5603-41C6-B064-99BE5439E143}.Release|x86.ActiveCfg = Release|Any CPU
		{E9D54D45-5603-41C6-B064-99BE5439E143}.Release|x86.Build.0 = Release|Any CPU
		{D6822815-A3C3-48F2-96E4-AD856F8EAA2E}.Debug|Any CPU.ActiveCfg = Debug|Any CPU
		{D6822815-A3C3-48F2-96E4-AD856F8EAA2E}.Debug|Any CPU.Build.0 = Debug|Any CPU
		{D6822815-A3C3-48F2-96E4-AD856F8EAA2E}.Debug|ARM.ActiveCfg = Debug|Any CPU
		{D6822815-A3C3-48F2-96E4-AD856F8EAA2E}.Debug|ARM.Build.0 = Debug|Any CPU
		{D6822815-A3C3-48F2-96E4-AD856F8EAA2E}.Debug|ARM64.ActiveCfg = Debug|Any CPU
		{D6822815-A3C3-48F2-96E4-AD856F8EAA2E}.Debug|ARM64.Build.0 = Debug|Any CPU
		{D6822815-A3C3-48F2-96E4-AD856F8EAA2E}.Debug|x86.ActiveCfg = Debug|Any CPU
		{D6822815-A3C3-48F2-96E4-AD856F8EAA2E}.Debug|x86.Build.0 = Debug|Any CPU
		{D6822815-A3C3-48F2-96E4-AD856F8EAA2E}.Release|Any CPU.ActiveCfg = Release|Any CPU
		{D6822815-A3C3-48F2-96E4-AD856F8EAA2E}.Release|Any CPU.Build.0 = Release|Any CPU
		{D6822815-A3C3-48F2-96E4-AD856F8EAA2E}.Release|ARM.ActiveCfg = Release|Any CPU
		{D6822815-A3C3-48F2-96E4-AD856F8EAA2E}.Release|ARM.Build.0 = Release|Any CPU
		{D6822815-A3C3-48F2-96E4-AD856F8EAA2E}.Release|ARM64.ActiveCfg = Release|Any CPU
		{D6822815-A3C3-48F2-96E4-AD856F8EAA2E}.Release|ARM64.Build.0 = Release|Any CPU
		{D6822815-A3C3-48F2-96E4-AD856F8EAA2E}.Release|x86.ActiveCfg = Release|Any CPU
		{D6822815-A3C3-48F2-96E4-AD856F8EAA2E}.Release|x86.Build.0 = Release|Any CPU
		{7F946095-4A59-F1FA-932F-07404804EC0A}.Debug|Any CPU.ActiveCfg = Debug
		{7F946095-4A59-F1FA-932F-07404804EC0A}.Debug|ARM.ActiveCfg = Debug
		{7F946095-4A59-F1FA-932F-07404804EC0A}.Debug|ARM64.ActiveCfg = Debug
		{7F946095-4A59-F1FA-932F-07404804EC0A}.Debug|x86.ActiveCfg = Debug
		{7F946095-4A59-F1FA-932F-07404804EC0A}.Release|Any CPU.ActiveCfg = Release
		{7F946095-4A59-F1FA-932F-07404804EC0A}.Release|ARM.ActiveCfg = Release
		{7F946095-4A59-F1FA-932F-07404804EC0A}.Release|ARM64.ActiveCfg = Release
		{7F946095-4A59-F1FA-932F-07404804EC0A}.Release|x86.ActiveCfg = Release
	EndGlobalSection
	GlobalSection(SolutionProperties) = preSolution
		HideSolutionNode = FALSE
	EndGlobalSection
	GlobalSection(ExtensibilityGlobals) = postSolution
		SolutionGuid = {F2DDF30A-42FB-4B50-881E-100D8B7D6AAB}
	EndGlobalSection
EndGlobal
