
Microsoft Visual Studio Solution File, Format Version 12.00
# Visual Studio Version 17
VisualStudioVersion = 17.11.35312.102
MinimumVisualStudioVersion = 10.0.40219.1
Project("{FAE04EC0-301F-11D3-BF4B-00C04F79EFBC}") = "ProgramPartListWeb", "ProgramPartListWeb\ProgramPartListWeb.csproj", "{83F78258-1DAB-4EC8-901F-3417C42AD76D}"
EndProject
Project("{FAE04EC0-301F-11D3-BF4B-00C04F79EFBC}") = "PMACS_V2", "PMACS_V2\PMACS_V2.csproj", "{DA2C686B-57CA-4416-83EC-C832D9B9826F}"
EndProject
Project("{FAE04EC0-301F-11D3-BF4B-00C04F79EFBC}") = "Parts_locator", "Parts_locator\Parts_locator.csproj", "{DD1D25EF-4381-469F-AEEA-401D069642DD}"
EndProject
Project("{FAE04EC0-301F-11D3-BF4B-00C04F79EFBC}") = "ProductConfirm", "ProductConfirm\ProductConfirm.csproj", "{FF844F15-62D5-49BB-8EE3-9A3B05CFE24B}"
EndProject
Global
	GlobalSection(SolutionConfigurationPlatforms) = preSolution
		Debug|Any CPU = Debug|Any CPU
		Release|Any CPU = Release|Any CPU
	EndGlobalSection
	GlobalSection(ProjectConfigurationPlatforms) = postSolution
		{83F78258-1DAB-4EC8-901F-3417C42AD76D}.Debug|Any CPU.ActiveCfg = Debug|Any CPU
		{83F78258-1DAB-4EC8-901F-3417C42AD76D}.Debug|Any CPU.Build.0 = Debug|Any CPU
		{83F78258-1DAB-4EC8-901F-3417C42AD76D}.Release|Any CPU.ActiveCfg = Release|Any CPU
		{83F78258-1DAB-4EC8-901F-3417C42AD76D}.Release|Any CPU.Build.0 = Release|Any CPU
		{DA2C686B-57CA-4416-83EC-C832D9B9826F}.Debug|Any CPU.ActiveCfg = Debug|Any CPU
		{DA2C686B-57CA-4416-83EC-C832D9B9826F}.Debug|Any CPU.Build.0 = Debug|Any CPU
		{DA2C686B-57CA-4416-83EC-C832D9B9826F}.Release|Any CPU.ActiveCfg = Release|Any CPU
		{DA2C686B-57CA-4416-83EC-C832D9B9826F}.Release|Any CPU.Build.0 = Release|Any CPU
		{DD1D25EF-4381-469F-AEEA-401D069642DD}.Debug|Any CPU.ActiveCfg = Debug|Any CPU
		{DD1D25EF-4381-469F-AEEA-401D069642DD}.Debug|Any CPU.Build.0 = Debug|Any CPU
		{DD1D25EF-4381-469F-AEEA-401D069642DD}.Release|Any CPU.ActiveCfg = Release|Any CPU
		{DD1D25EF-4381-469F-AEEA-401D069642DD}.Release|Any CPU.Build.0 = Release|Any CPU
		{FF844F15-62D5-49BB-8EE3-9A3B05CFE24B}.Debug|Any CPU.ActiveCfg = Debug|Any CPU
		{FF844F15-62D5-49BB-8EE3-9A3B05CFE24B}.Debug|Any CPU.Build.0 = Debug|Any CPU
		{FF844F15-62D5-49BB-8EE3-9A3B05CFE24B}.Release|Any CPU.ActiveCfg = Release|Any CPU
		{FF844F15-62D5-49BB-8EE3-9A3B05CFE24B}.Release|Any CPU.Build.0 = Release|Any CPU
	EndGlobalSection
	GlobalSection(SolutionProperties) = preSolution
		HideSolutionNode = FALSE
	EndGlobalSection
	GlobalSection(ExtensibilityGlobals) = postSolution
		SolutionGuid = {F2DDF30A-42FB-4B50-881E-100D8B7D6AAB}
	EndGlobalSection
EndGlobal
